# This file is autogenerated, do not edit; changes may be undone by the next 'dep ensure'.


[[projects]]
  branch = "master"
  name = "github.com/dchest/authcookie"
  packages = ["."]
  revision = "fbdef6e998665bcb27a2227f39d840dbfc62a918"

[[projects]]
  name = "github.com/dgrijalva/jwt-go"
  packages = ["."]
  revision = "06ea1031745cb8b3dab3f6a236daf2b0aa468b7e"
  version = "v3.2.0"

[[projects]]
  name = "github.com/go-log/log"
  packages = [
    ".",
    "log"
  ]
  revision = "37e2e1f19306361e1fc152a1839f1236149cb4e4"
  version = "v0.1.0"

[[projects]]
  name = "github.com/go-sql-driver/mysql"
  packages = ["."]
  revision = "d523deb1b23d913de5bdada721a6071e71283618"
  version = "v1.4.0"

[[projects]]
  name = "github.com/golang/protobuf"
  packages = ["proto"]
  revision = "b4deda0973fb4c70b50d226b1af49f3da59f5265"
  version = "v1.1.0"

[[projects]]
  name = "github.com/hashicorp/consul"
  packages = [
    "api",
    "watch"
  ]
  revision = "39f93f011e591c842acc8053a7f5972aa6e592fd"
  version = "v1.2.1"

[[projects]]
  branch = "master"
  name = "github.com/hashicorp/go-cleanhttp"
  packages = ["."]
  revision = "d5fe4b57a186c716b0e00b8c301cbd9b4182694d"

[[projects]]
  branch = "master"
  name = "github.com/hashicorp/go-rootcerts"
  packages = ["."]
  revision = "6bb64b370b90e7ef1fa532be9e591a81c3493e00"

[[projects]]
  name = "github.com/hashicorp/serf"
  packages = ["coordinate"]
  revision = "d6574a5bb1226678d7010325fb6c985db20ee458"
  version = "v0.8.1"

[[projects]]
  name = "github.com/jinzhu/gorm"
  packages = [
    ".",
    "dialects/mysql"
  ]
  revision = "6ed508ec6a4ecb3531899a69cbc746ccf65a4166"
  version = "v1.9.1"

[[projects]]
  branch = "master"
  name = "github.com/jinzhu/inflection"
  packages = ["."]
  revision = "04140366298a54a039076d798123ffa108fff46c"

[[projects]]
  name = "github.com/labstack/echo"
  packages = [
    ".",
    "middleware"
  ]
  revision = "6d227dfea4d2e52cb76856120b3c17f758139b4e"
  version = "3.3.5"

[[projects]]
  name = "github.com/labstack/gommon"
  packages = [
    "bytes",
    "color",
    "log",
    "random"
  ]
  revision = "d6898124de917583f5ff5592ef931d1dfe0ddc05"
  version = "0.2.6"

[[projects]]
  name = "github.com/mattn/go-colorable"
  packages = ["."]
  revision = "167de6bfdfba052fa6b2d3664c8f5272e23c9072"
  version = "v0.0.9"

[[projects]]
  name = "github.com/mattn/go-isatty"
  packages = ["."]
  revision = "0360b2af4f38e8d38c7fce2a9f4e702702d73a39"
  version = "v0.0.3"

[[projects]]
  branch = "master"
  name = "github.com/micro/go-log"
  packages = ["."]
  revision = "cbfa9447f9b655f8e66583237e51f40ca9bff860"

[[projects]]
  name = "github.com/micro/go-micro"
  packages = [
    "broker",
    "broker/codec",
    "broker/codec/json",
    "client",
    "codec",
    "codec/jsonrpc",
    "codec/protorpc",
    "errors",
    "metadata",
    "registry",
    "selector",
    "server",
    "server/debug",
    "server/debug/proto",
    "transport",
    "transport/codec"
  ]
  revision = "5372707d0ec1ebd736bec36818ddb2e700606589"
  version = "v0.9.0"

[[projects]]
  branch = "master"
  name = "github.com/micro/go-rcache"
  packages = ["."]
  revision = "a581a57b513351792b9f21fc8b95d87b1c5a95da"

[[projects]]
  branch = "master"
  name = "github.com/micro/util"
  packages = [
    "go/lib/addr",
    "go/lib/net",
    "go/lib/tls"
  ]
  revision = "4b7ed83e8520ab8fe6e5ef61fa2ede94b32f8602"

[[projects]]
  branch = "master"
  name = "github.com/mitchellh/go-homedir"
  packages = ["."]
  revision = "3864e76763d94a6df2f9960b16a20a33da9f9a66"

[[projects]]
  branch = "master"
  name = "github.com/mitchellh/hashstructure"
  packages = ["."]
  revision = "2bca23e0e452137f789efbc8610126fd8b94f73b"

[[projects]]
  branch = "master"
  name = "github.com/mitchellh/mapstructure"
  packages = ["."]
  revision = "bb74f1db0675b241733089d5a1faa5dd8b0ef57b"

[[projects]]
  name = "github.com/pborman/uuid"
  packages = ["."]
  revision = "e790cca94e6cc75c7064b1332e63811d4aae1a53"
  version = "v1.1"

[[projects]]
  name = "github.com/pkg/errors"
  packages = ["."]
  revision = "645ef00459ed84a119197bfb8d8205042c6df63d"
  version = "v0.8.0"

[[projects]]
  branch = "master"
  name = "github.com/valyala/bytebufferpool"
  packages = ["."]
  revision = "e746df99fe4a3986f4d4f79e13c1e0117ce9c2f7"

[[projects]]
  branch = "master"
  name = "github.com/valyala/fasttemplate"
  packages = ["."]
  revision = "dcecefd839c4193db0d35b88ec65b4c12d360ab0"

[[projects]]
  branch = "master"
  name = "github.com/zale144/instagram-bot"
  packages = [
    "htmlToimage/proto",
    "sessions/proto"
  ]
  revision = "e905b8a7d67f510e03df55d54f8e98c83ce98e53"

[[projects]]
  branch = "master"
  name = "golang.org/x/crypto"
  packages = [
    "acme",
    "acme/autocert"
  ]
  revision = "a49355c7e3f8fe157a85be2f77e6e269a0f89602"

[[projects]]
  branch = "master"
  name = "golang.org/x/sys"
  packages = ["unix"]
  revision = "1b2967e3c290b7c545b3db0deeda16e9be4f98a2"

[[projects]]
  name = "google.golang.org/appengine"
  packages = ["cloudsql"]
  revision = "b1f26356af11148e710935ed1ac8a7f5702c7612"
  version = "v1.1.0"

[solve-meta]
  analyzer-name = "dep"
  analyzer-version = 1
  inputs-digest = "c6ccc17e87a64559a513431b9489d0b17c9e8b1891b78555e72f411b25d58897"
  solver-name = "gps-cdcl"
  solver-version = 1
